
Microsoft Visual Studio Solution File, Format Version 12.00
# Visual Studio Version 16
VisualStudioVersion = 16.0.31515.178
MinimumVisualStudioVersion = 10.0.40219.1
Project("{2150E333-8FDC-42A3-9474-1A3956D46DE8}") = "A. Sdk", "A. Sdk", "{143A0C4A-2870-4EBE-95FC-C634A7EEEE3E}"
EndProject
Project("{2150E333-8FDC-42A3-9474-1A3956D46DE8}") = "B. Application", "B. Application", "{0FB3B1B3-02AF-4036-9AC5-1D56F1F15F58}"
EndProject
Project("{FAE04EC0-301F-11D3-BF4B-00C04F79EFBC}") = "TheLeviathan.ApiHost", "TheLeviathan.ApiHost\TheLeviathan.ApiHost.csproj", "{8EB38C1E-E012-4F7D-B68D-F5404A5B220D}"
EndProject
Project("{FAE04EC0-301F-11D3-BF4B-00C04F79EFBC}") = "Leviathan.Services.Sdk", "Leviathan.Services.Sdk\Leviathan.Services.Sdk.csproj", "{45B1693E-1395-4C34-8971-4E76A72E05F1}"
EndProject
Project("{FAE04EC0-301F-11D3-BF4B-00C04F79EFBC}") = "Leviathan.WebApi.Sdk", "Leviathan.WebApi.Sdk\Leviathan.WebApi.Sdk.csproj", "{8B8D45C7-9082-4901-B03D-735356668BD8}"
EndProject
Project("{FAE04EC0-301F-11D3-BF4B-00C04F79EFBC}") = "TheLeviathan.ApiSystem", "TheLeviathan.ApiSystem\TheLeviathan.ApiSystem.csproj", "{0930DEF7-A1A5-4CF5-94C9-C5B45E8F40B2}"
EndProject
Project("{FAE04EC0-301F-11D3-BF4B-00C04F79EFBC}") = "TheLeviathan.ComponentSystem", "TheLeviathan.ComponentSystem\TheLeviathan.ComponentSystem.csproj", "{881E21B5-F033-41D3-B553-24C84FF75C70}"
EndProject
Project("{FAE04EC0-301F-11D3-BF4B-00C04F79EFBC}") = "TheLeviathan.ServiceSystem", "TheLeviathan.ServiceSystem\TheLeviathan.ServiceSystem.csproj", "{4959F746-CFB4-40F6-A646-AF33A6DD8BF5}"
EndProject
Project("{FAE04EC0-301F-11D3-BF4B-00C04F79EFBC}") = "Leviathan.Components.Sdk", "Leviathan.Components.Sdk\Leviathan.Components.Sdk.csproj", "{737224C2-0015-480D-B75E-8E92ADF8D146}"
EndProject
Project("{FAE04EC0-301F-11D3-BF4B-00C04F79EFBC}") = "Leviathan.DataAccess.Sdk", "Leviathan.DataAccess.Sdk\Leviathan.DataAccess.Sdk.csproj", "{DAA3E8C4-8C67-43B6-B4B1-E959D390F19D}"
EndProject
Project("{FAE04EC0-301F-11D3-BF4B-00C04F79EFBC}") = "TheLeviathan.FileDataSystem", "TheLeviathan.FileDataSystem\TheLeviathan.FileDataSystem.csproj", "{47B921FF-41A6-40D5-B30F-E909D732BFB9}"
EndProject
Global
	GlobalSection(SolutionConfigurationPlatforms) = preSolution
		Debug|Any CPU = Debug|Any CPU
		Release|Any CPU = Release|Any CPU
	EndGlobalSection
	GlobalSection(ProjectConfigurationPlatforms) = postSolution
		{8EB38C1E-E012-4F7D-B68D-F5404A5B220D}.Debug|Any CPU.ActiveCfg = Debug|Any CPU
		{8EB38C1E-E012-4F7D-B68D-F5404A5B220D}.Debug|Any CPU.Build.0 = Debug|Any CPU
		{8EB38C1E-E012-4F7D-B68D-F5404A5B220D}.Release|Any CPU.ActiveCfg = Release|Any CPU
		{8EB38C1E-E012-4F7D-B68D-F5404A5B220D}.Release|Any CPU.Build.0 = Release|Any CPU
		{45B1693E-1395-4C34-8971-4E76A72E05F1}.Debug|Any CPU.ActiveCfg = Debug|Any CPU
		{45B1693E-1395-4C34-8971-4E76A72E05F1}.Debug|Any CPU.Build.0 = Debug|Any CPU
		{45B1693E-1395-4C34-8971-4E76A72E05F1}.Release|Any CPU.ActiveCfg = Release|Any CPU
		{45B1693E-1395-4C34-8971-4E76A72E05F1}.Release|Any CPU.Build.0 = Release|Any CPU
		{8B8D45C7-9082-4901-B03D-735356668BD8}.Debug|Any CPU.ActiveCfg = Debug|Any CPU
		{8B8D45C7-9082-4901-B03D-735356668BD8}.Debug|Any CPU.Build.0 = Debug|Any CPU
		{8B8D45C7-9082-4901-B03D-735356668BD8}.Release|Any CPU.ActiveCfg = Release|Any CPU
		{8B8D45C7-9082-4901-B03D-735356668BD8}.Release|Any CPU.Build.0 = Release|Any CPU
		{0930DEF7-A1A5-4CF5-94C9-C5B45E8F40B2}.Debug|Any CPU.ActiveCfg = Debug|Any CPU
		{0930DEF7-A1A5-4CF5-94C9-C5B45E8F40B2}.Debug|Any CPU.Build.0 = Debug|Any CPU
		{0930DEF7-A1A5-4CF5-94C9-C5B45E8F40B2}.Release|Any CPU.ActiveCfg = Release|Any CPU
		{0930DEF7-A1A5-4CF5-94C9-C5B45E8F40B2}.Release|Any CPU.Build.0 = Release|Any CPU
		{881E21B5-F033-41D3-B553-24C84FF75C70}.Debug|Any CPU.ActiveCfg = Debug|Any CPU
		{881E21B5-F033-41D3-B553-24C84FF75C70}.Debug|Any CPU.Build.0 = Debug|Any CPU
		{881E21B5-F033-41D3-B553-24C84FF75C70}.Release|Any CPU.ActiveCfg = Release|Any CPU
		{881E21B5-F033-41D3-B553-24C84FF75C70}.Release|Any CPU.Build.0 = Release|Any CPU
		{4959F746-CFB4-40F6-A646-AF33A6DD8BF5}.Debug|Any CPU.ActiveCfg = Debug|Any CPU
		{4959F746-CFB4-40F6-A646-AF33A6DD8BF5}.Debug|Any CPU.Build.0 = Debug|Any CPU
		{4959F746-CFB4-40F6-A646-AF33A6DD8BF5}.Release|Any CPU.ActiveCfg = Release|Any CPU
		{4959F746-CFB4-40F6-A646-AF33A6DD8BF5}.Release|Any CPU.Build.0 = Release|Any CPU
		{737224C2-0015-480D-B75E-8E92ADF8D146}.Debug|Any CPU.ActiveCfg = Debug|Any CPU
		{737224C2-0015-480D-B75E-8E92ADF8D146}.Debug|Any CPU.Build.0 = Debug|Any CPU
		{737224C2-0015-480D-B75E-8E92ADF8D146}.Release|Any CPU.ActiveCfg = Release|Any CPU
		{737224C2-0015-480D-B75E-8E92ADF8D146}.Release|Any CPU.Build.0 = Release|Any CPU
		{DAA3E8C4-8C67-43B6-B4B1-E959D390F19D}.Debug|Any CPU.ActiveCfg = Debug|Any CPU
		{DAA3E8C4-8C67-43B6-B4B1-E959D390F19D}.Debug|Any CPU.Build.0 = Debug|Any CPU
		{DAA3E8C4-8C67-43B6-B4B1-E959D390F19D}.Release|Any CPU.ActiveCfg = Release|Any CPU
		{DAA3E8C4-8C67-43B6-B4B1-E959D390F19D}.Release|Any CPU.Build.0 = Release|Any CPU
		{47B921FF-41A6-40D5-B30F-E909D732BFB9}.Debug|Any CPU.ActiveCfg = Debug|Any CPU
		{47B921FF-41A6-40D5-B30F-E909D732BFB9}.Debug|Any CPU.Build.0 = Debug|Any CPU
		{47B921FF-41A6-40D5-B30F-E909D732BFB9}.Release|Any CPU.ActiveCfg = Release|Any CPU
		{47B921FF-41A6-40D5-B30F-E909D732BFB9}.Release|Any CPU.Build.0 = Release|Any CPU
	EndGlobalSection
	GlobalSection(SolutionProperties) = preSolution
		HideSolutionNode = FALSE
	EndGlobalSection
	GlobalSection(NestedProjects) = preSolution
		{8EB38C1E-E012-4F7D-B68D-F5404A5B220D} = {0FB3B1B3-02AF-4036-9AC5-1D56F1F15F58}
		{45B1693E-1395-4C34-8971-4E76A72E05F1} = {143A0C4A-2870-4EBE-95FC-C634A7EEEE3E}
		{8B8D45C7-9082-4901-B03D-735356668BD8} = {143A0C4A-2870-4EBE-95FC-C634A7EEEE3E}
		{0930DEF7-A1A5-4CF5-94C9-C5B45E8F40B2} = {0FB3B1B3-02AF-4036-9AC5-1D56F1F15F58}
		{881E21B5-F033-41D3-B553-24C84FF75C70} = {0FB3B1B3-02AF-4036-9AC5-1D56F1F15F58}
		{4959F746-CFB4-40F6-A646-AF33A6DD8BF5} = {0FB3B1B3-02AF-4036-9AC5-1D56F1F15F58}
		{737224C2-0015-480D-B75E-8E92ADF8D146} = {143A0C4A-2870-4EBE-95FC-C634A7EEEE3E}
		{DAA3E8C4-8C67-43B6-B4B1-E959D390F19D} = {143A0C4A-2870-4EBE-95FC-C634A7EEEE3E}
		{47B921FF-41A6-40D5-B30F-E909D732BFB9} = {0FB3B1B3-02AF-4036-9AC5-1D56F1F15F58}
	EndGlobalSection
	GlobalSection(ExtensibilityGlobals) = postSolution
		SolutionGuid = {8C39CA66-6C4B-42EB-8797-4ADCFED239DD}
	EndGlobalSection
EndGlobal
