
Microsoft Visual Studio Solution File, Format Version 12.00
# Visual Studio Version 16
VisualStudioVersion = 16.0.31613.86
MinimumVisualStudioVersion = 10.0.40219.1
Project("{9A19103F-16F7-4668-BE54-9A1E7A4F7556}") = "TheLeviathan.Api", "TheLeviathan.Api\TheLeviathan.Api.csproj", "{3A422278-98A8-404B-B985-6650917A8B69}"
EndProject
Project("{9A19103F-16F7-4668-BE54-9A1E7A4F7556}") = "TheLeviathan.UI", "TheLeviathan.UI\TheLeviathan.UI.csproj", "{B7BDB1B4-34F2-4D1A-901B-DD97A06BF374}"
EndProject
Project("{9A19103F-16F7-4668-BE54-9A1E7A4F7556}") = "Leviathan.Services", "Leviathan.Services\Leviathan.Services.csproj", "{49C86D2C-8AB1-4744-928E-BA05D64215E4}"
EndProject
Project("{9A19103F-16F7-4668-BE54-9A1E7A4F7556}") = "Leviathan.Components", "Leviathan.Components\Leviathan.Components.csproj", "{725BF827-01BB-480D-8638-5A2818340901}"
EndProject
Project("{9A19103F-16F7-4668-BE54-9A1E7A4F7556}") = "Leviathan.WebApi", "Leviathan.WebApi\Leviathan.WebApi.csproj", "{C81FE090-6022-4CA6-A103-595351A365C5}"
EndProject
Project("{2150E333-8FDC-42A3-9474-1A3956D46DE8}") = "A. SDK", "A. SDK", "{686FA2E2-E17B-4628-9F4C-8470AB9F600A}"
EndProject
Project("{2150E333-8FDC-42A3-9474-1A3956D46DE8}") = "B. Application", "B. Application", "{F3237075-6A76-40AC-B099-C738B04D4DB2}"
EndProject
Project("{2150E333-8FDC-42A3-9474-1A3956D46DE8}") = "Services", "Services", "{F3EE7FC1-F059-42F2-B6E0-AEAD6C5079CE}"
EndProject
Project("{9A19103F-16F7-4668-BE54-9A1E7A4F7556}") = "TheLeviathan.ApiSystem", "TheLeviathan.ApiSystem\TheLeviathan.ApiSystem.csproj", "{F07F975D-23FF-4C83-9696-D61FDE8F2D86}"
EndProject
Project("{9A19103F-16F7-4668-BE54-9A1E7A4F7556}") = "TheLeviathan.ServiceSystem", "TheLeviathan.ServiceSystem\TheLeviathan.ServiceSystem.csproj", "{6B11A13F-6559-4B9D-BEE5-88E12C23C0A2}"
EndProject
Project("{9A19103F-16F7-4668-BE54-9A1E7A4F7556}") = "TheLeviathan.ComponentSystem", "TheLeviathan.ComponentSystem\TheLeviathan.ComponentSystem.csproj", "{FE4FA335-F2E0-4CBA-8B11-18E58244CC5D}"
EndProject
Project("{9A19103F-16F7-4668-BE54-9A1E7A4F7556}") = "TheLeviathan.FileSystem", "TheLeviathan.FileSystem\TheLeviathan.FileSystem.csproj", "{AA47DD1F-48F9-4DC0-A1E7-E6FA36B28020}"
EndProject
Project("{9A19103F-16F7-4668-BE54-9A1E7A4F7556}") = "TheLeviathan.ChannelSystem", "TheLeviathan.ChannelSystem\TheLeviathan.ChannelSystem.csproj", "{2738EBAE-9F75-4150-B993-630E7A50B86A}"
EndProject
Project("{9A19103F-16F7-4668-BE54-9A1E7A4F7556}") = "Leviathan.Channels", "Leviathan.Channels\Leviathan.Channels.csproj", "{4F502BB9-02AB-403D-93FF-AC3C39F04260}"
EndProject
Project("{9A19103F-16F7-4668-BE54-9A1E7A4F7556}") = "Leviathan.DataAccess", "Leviathan.DataAccess\Leviathan.DataAccess.csproj", "{E62CE1F2-FA82-44AF-B3C1-41368B4EE27A}"
EndProject
Project("{FAE04EC0-301F-11D3-BF4B-00C04F79EFBC}") = "Leviathan.Data", "Leviathan.Data\Leviathan.Data.csproj", "{B78FD07E-3366-4EB6-92CF-C36EBFF667ED}"
EndProject
Project("{FAE04EC0-301F-11D3-BF4B-00C04F79EFBC}") = "TheLeviathan.Sandbox", "TheLeviathan.Sandbox\TheLeviathan.Sandbox.csproj", "{2C285304-7FA0-4F57-8220-1C85220E0C66}"
EndProject
Project("{FAE04EC0-301F-11D3-BF4B-00C04F79EFBC}") = "TheLeviathan.Core", "TheLeviathan.Core\TheLeviathan.Core.csproj", "{D9DE92BB-DF81-45D0-BDF6-94225C2EDF22}"
EndProject
Global
	GlobalSection(SolutionConfigurationPlatforms) = preSolution
		Debug|Any CPU = Debug|Any CPU
		Release|Any CPU = Release|Any CPU
	EndGlobalSection
	GlobalSection(ProjectConfigurationPlatforms) = postSolution
		{3A422278-98A8-404B-B985-6650917A8B69}.Debug|Any CPU.ActiveCfg = Debug|Any CPU
		{3A422278-98A8-404B-B985-6650917A8B69}.Debug|Any CPU.Build.0 = Debug|Any CPU
		{3A422278-98A8-404B-B985-6650917A8B69}.Release|Any CPU.ActiveCfg = Release|Any CPU
		{3A422278-98A8-404B-B985-6650917A8B69}.Release|Any CPU.Build.0 = Release|Any CPU
		{B7BDB1B4-34F2-4D1A-901B-DD97A06BF374}.Debug|Any CPU.ActiveCfg = Debug|Any CPU
		{B7BDB1B4-34F2-4D1A-901B-DD97A06BF374}.Debug|Any CPU.Build.0 = Debug|Any CPU
		{B7BDB1B4-34F2-4D1A-901B-DD97A06BF374}.Release|Any CPU.ActiveCfg = Release|Any CPU
		{B7BDB1B4-34F2-4D1A-901B-DD97A06BF374}.Release|Any CPU.Build.0 = Release|Any CPU
		{49C86D2C-8AB1-4744-928E-BA05D64215E4}.Debug|Any CPU.ActiveCfg = Debug|Any CPU
		{49C86D2C-8AB1-4744-928E-BA05D64215E4}.Debug|Any CPU.Build.0 = Debug|Any CPU
		{49C86D2C-8AB1-4744-928E-BA05D64215E4}.Release|Any CPU.ActiveCfg = Release|Any CPU
		{49C86D2C-8AB1-4744-928E-BA05D64215E4}.Release|Any CPU.Build.0 = Release|Any CPU
		{725BF827-01BB-480D-8638-5A2818340901}.Debug|Any CPU.ActiveCfg = Debug|Any CPU
		{725BF827-01BB-480D-8638-5A2818340901}.Debug|Any CPU.Build.0 = Debug|Any CPU
		{725BF827-01BB-480D-8638-5A2818340901}.Release|Any CPU.ActiveCfg = Release|Any CPU
		{725BF827-01BB-480D-8638-5A2818340901}.Release|Any CPU.Build.0 = Release|Any CPU
		{C81FE090-6022-4CA6-A103-595351A365C5}.Debug|Any CPU.ActiveCfg = Debug|Any CPU
		{C81FE090-6022-4CA6-A103-595351A365C5}.Debug|Any CPU.Build.0 = Debug|Any CPU
		{C81FE090-6022-4CA6-A103-595351A365C5}.Release|Any CPU.ActiveCfg = Release|Any CPU
		{C81FE090-6022-4CA6-A103-595351A365C5}.Release|Any CPU.Build.0 = Release|Any CPU
		{F07F975D-23FF-4C83-9696-D61FDE8F2D86}.Debug|Any CPU.ActiveCfg = Debug|Any CPU
		{F07F975D-23FF-4C83-9696-D61FDE8F2D86}.Debug|Any CPU.Build.0 = Debug|Any CPU
		{F07F975D-23FF-4C83-9696-D61FDE8F2D86}.Release|Any CPU.ActiveCfg = Release|Any CPU
		{F07F975D-23FF-4C83-9696-D61FDE8F2D86}.Release|Any CPU.Build.0 = Release|Any CPU
		{6B11A13F-6559-4B9D-BEE5-88E12C23C0A2}.Debug|Any CPU.ActiveCfg = Debug|Any CPU
		{6B11A13F-6559-4B9D-BEE5-88E12C23C0A2}.Debug|Any CPU.Build.0 = Debug|Any CPU
		{6B11A13F-6559-4B9D-BEE5-88E12C23C0A2}.Release|Any CPU.ActiveCfg = Release|Any CPU
		{6B11A13F-6559-4B9D-BEE5-88E12C23C0A2}.Release|Any CPU.Build.0 = Release|Any CPU
		{FE4FA335-F2E0-4CBA-8B11-18E58244CC5D}.Debug|Any CPU.ActiveCfg = Debug|Any CPU
		{FE4FA335-F2E0-4CBA-8B11-18E58244CC5D}.Debug|Any CPU.Build.0 = Debug|Any CPU
		{FE4FA335-F2E0-4CBA-8B11-18E58244CC5D}.Release|Any CPU.ActiveCfg = Release|Any CPU
		{FE4FA335-F2E0-4CBA-8B11-18E58244CC5D}.Release|Any CPU.Build.0 = Release|Any CPU
		{AA47DD1F-48F9-4DC0-A1E7-E6FA36B28020}.Debug|Any CPU.ActiveCfg = Debug|Any CPU
		{AA47DD1F-48F9-4DC0-A1E7-E6FA36B28020}.Debug|Any CPU.Build.0 = Debug|Any CPU
		{AA47DD1F-48F9-4DC0-A1E7-E6FA36B28020}.Release|Any CPU.ActiveCfg = Release|Any CPU
		{AA47DD1F-48F9-4DC0-A1E7-E6FA36B28020}.Release|Any CPU.Build.0 = Release|Any CPU
		{2738EBAE-9F75-4150-B993-630E7A50B86A}.Debug|Any CPU.ActiveCfg = Debug|Any CPU
		{2738EBAE-9F75-4150-B993-630E7A50B86A}.Debug|Any CPU.Build.0 = Debug|Any CPU
		{2738EBAE-9F75-4150-B993-630E7A50B86A}.Release|Any CPU.ActiveCfg = Release|Any CPU
		{2738EBAE-9F75-4150-B993-630E7A50B86A}.Release|Any CPU.Build.0 = Release|Any CPU
		{4F502BB9-02AB-403D-93FF-AC3C39F04260}.Debug|Any CPU.ActiveCfg = Debug|Any CPU
		{4F502BB9-02AB-403D-93FF-AC3C39F04260}.Debug|Any CPU.Build.0 = Debug|Any CPU
		{4F502BB9-02AB-403D-93FF-AC3C39F04260}.Release|Any CPU.ActiveCfg = Release|Any CPU
		{4F502BB9-02AB-403D-93FF-AC3C39F04260}.Release|Any CPU.Build.0 = Release|Any CPU
		{E62CE1F2-FA82-44AF-B3C1-41368B4EE27A}.Debug|Any CPU.ActiveCfg = Debug|Any CPU
		{E62CE1F2-FA82-44AF-B3C1-41368B4EE27A}.Debug|Any CPU.Build.0 = Debug|Any CPU
		{E62CE1F2-FA82-44AF-B3C1-41368B4EE27A}.Release|Any CPU.ActiveCfg = Release|Any CPU
		{E62CE1F2-FA82-44AF-B3C1-41368B4EE27A}.Release|Any CPU.Build.0 = Release|Any CPU
		{B78FD07E-3366-4EB6-92CF-C36EBFF667ED}.Debug|Any CPU.ActiveCfg = Debug|Any CPU
		{B78FD07E-3366-4EB6-92CF-C36EBFF667ED}.Debug|Any CPU.Build.0 = Debug|Any CPU
		{B78FD07E-3366-4EB6-92CF-C36EBFF667ED}.Release|Any CPU.ActiveCfg = Release|Any CPU
		{B78FD07E-3366-4EB6-92CF-C36EBFF667ED}.Release|Any CPU.Build.0 = Release|Any CPU
		{2C285304-7FA0-4F57-8220-1C85220E0C66}.Debug|Any CPU.ActiveCfg = Debug|Any CPU
		{2C285304-7FA0-4F57-8220-1C85220E0C66}.Debug|Any CPU.Build.0 = Debug|Any CPU
		{2C285304-7FA0-4F57-8220-1C85220E0C66}.Release|Any CPU.ActiveCfg = Release|Any CPU
		{2C285304-7FA0-4F57-8220-1C85220E0C66}.Release|Any CPU.Build.0 = Release|Any CPU
		{D9DE92BB-DF81-45D0-BDF6-94225C2EDF22}.Debug|Any CPU.ActiveCfg = Debug|Any CPU
		{D9DE92BB-DF81-45D0-BDF6-94225C2EDF22}.Debug|Any CPU.Build.0 = Debug|Any CPU
		{D9DE92BB-DF81-45D0-BDF6-94225C2EDF22}.Release|Any CPU.ActiveCfg = Release|Any CPU
		{D9DE92BB-DF81-45D0-BDF6-94225C2EDF22}.Release|Any CPU.Build.0 = Release|Any CPU
	EndGlobalSection
	GlobalSection(SolutionProperties) = preSolution
		HideSolutionNode = FALSE
	EndGlobalSection
	GlobalSection(NestedProjects) = preSolution
		{3A422278-98A8-404B-B985-6650917A8B69} = {F3237075-6A76-40AC-B099-C738B04D4DB2}
		{B7BDB1B4-34F2-4D1A-901B-DD97A06BF374} = {F3237075-6A76-40AC-B099-C738B04D4DB2}
		{49C86D2C-8AB1-4744-928E-BA05D64215E4} = {686FA2E2-E17B-4628-9F4C-8470AB9F600A}
		{725BF827-01BB-480D-8638-5A2818340901} = {686FA2E2-E17B-4628-9F4C-8470AB9F600A}
		{C81FE090-6022-4CA6-A103-595351A365C5} = {686FA2E2-E17B-4628-9F4C-8470AB9F600A}
		{F3EE7FC1-F059-42F2-B6E0-AEAD6C5079CE} = {F3237075-6A76-40AC-B099-C738B04D4DB2}
		{F07F975D-23FF-4C83-9696-D61FDE8F2D86} = {F3EE7FC1-F059-42F2-B6E0-AEAD6C5079CE}
		{6B11A13F-6559-4B9D-BEE5-88E12C23C0A2} = {F3EE7FC1-F059-42F2-B6E0-AEAD6C5079CE}
		{FE4FA335-F2E0-4CBA-8B11-18E58244CC5D} = {F3EE7FC1-F059-42F2-B6E0-AEAD6C5079CE}
		{AA47DD1F-48F9-4DC0-A1E7-E6FA36B28020} = {F3EE7FC1-F059-42F2-B6E0-AEAD6C5079CE}
		{2738EBAE-9F75-4150-B993-630E7A50B86A} = {F3EE7FC1-F059-42F2-B6E0-AEAD6C5079CE}
		{4F502BB9-02AB-403D-93FF-AC3C39F04260} = {686FA2E2-E17B-4628-9F4C-8470AB9F600A}
		{E62CE1F2-FA82-44AF-B3C1-41368B4EE27A} = {686FA2E2-E17B-4628-9F4C-8470AB9F600A}
		{B78FD07E-3366-4EB6-92CF-C36EBFF667ED} = {686FA2E2-E17B-4628-9F4C-8470AB9F600A}
		{D9DE92BB-DF81-45D0-BDF6-94225C2EDF22} = {F3EE7FC1-F059-42F2-B6E0-AEAD6C5079CE}
	EndGlobalSection
	GlobalSection(ExtensibilityGlobals) = postSolution
		SolutionGuid = {8C39CA66-6C4B-42EB-8797-4ADCFED239DD}
	EndGlobalSection
EndGlobal
