
Microsoft Visual Studio Solution File, Format Version 12.00
# Visual Studio Version 16
VisualStudioVersion = 16.0.30114.105
MinimumVisualStudioVersion = 10.0.40219.1
Project("{FAE04EC0-301F-11D3-BF4B-00C04F79EFBC}") = "CaseStudy.DynamicApi", "CaseStudy.DynamicApi\CaseStudy.DynamicApi.csproj", "{036491E3-EA0D-4DFD-B682-27729112325A}"
EndProject
Project("{9A19103F-16F7-4668-BE54-9A1E7A4F7556}") = "Leviathan.Services.Sdk", "..\src\Leviathan.Services.Sdk\Leviathan.Services.Sdk.csproj", "{6E9EEF3D-4E17-4413-9304-535ECEF16BB8}"
EndProject
Project("{9A19103F-16F7-4668-BE54-9A1E7A4F7556}") = "Leviathan.WebApi.Sdk", "..\src\Leviathan.WebApi.Sdk\Leviathan.WebApi.Sdk.csproj", "{F2AF3219-95D3-4694-8EC1-22B638CD113D}"
EndProject
Project("{FAE04EC0-301F-11D3-BF4B-00C04F79EFBC}") = "CaseStudy.TestConsole", "CaseStudy.TestConsole\CaseStudy.TestConsole.csproj", "{6E00307F-C594-4E46-A664-56BBBC43E662}"
EndProject
Global
	GlobalSection(SolutionConfigurationPlatforms) = preSolution
		Debug|Any CPU = Debug|Any CPU
		Release|Any CPU = Release|Any CPU
	EndGlobalSection
	GlobalSection(ProjectConfigurationPlatforms) = postSolution
		{036491E3-EA0D-4DFD-B682-27729112325A}.Debug|Any CPU.ActiveCfg = Debug|Any CPU
		{036491E3-EA0D-4DFD-B682-27729112325A}.Debug|Any CPU.Build.0 = Debug|Any CPU
		{036491E3-EA0D-4DFD-B682-27729112325A}.Release|Any CPU.ActiveCfg = Release|Any CPU
		{036491E3-EA0D-4DFD-B682-27729112325A}.Release|Any CPU.Build.0 = Release|Any CPU
		{6E9EEF3D-4E17-4413-9304-535ECEF16BB8}.Debug|Any CPU.ActiveCfg = Debug|Any CPU
		{6E9EEF3D-4E17-4413-9304-535ECEF16BB8}.Debug|Any CPU.Build.0 = Debug|Any CPU
		{6E9EEF3D-4E17-4413-9304-535ECEF16BB8}.Release|Any CPU.ActiveCfg = Release|Any CPU
		{6E9EEF3D-4E17-4413-9304-535ECEF16BB8}.Release|Any CPU.Build.0 = Release|Any CPU
		{F2AF3219-95D3-4694-8EC1-22B638CD113D}.Debug|Any CPU.ActiveCfg = Debug|Any CPU
		{F2AF3219-95D3-4694-8EC1-22B638CD113D}.Debug|Any CPU.Build.0 = Debug|Any CPU
		{F2AF3219-95D3-4694-8EC1-22B638CD113D}.Release|Any CPU.ActiveCfg = Release|Any CPU
		{F2AF3219-95D3-4694-8EC1-22B638CD113D}.Release|Any CPU.Build.0 = Release|Any CPU
		{6E00307F-C594-4E46-A664-56BBBC43E662}.Debug|Any CPU.ActiveCfg = Debug|Any CPU
		{6E00307F-C594-4E46-A664-56BBBC43E662}.Debug|Any CPU.Build.0 = Debug|Any CPU
		{6E00307F-C594-4E46-A664-56BBBC43E662}.Release|Any CPU.ActiveCfg = Release|Any CPU
		{6E00307F-C594-4E46-A664-56BBBC43E662}.Release|Any CPU.Build.0 = Release|Any CPU
	EndGlobalSection
	GlobalSection(SolutionProperties) = preSolution
		HideSolutionNode = FALSE
	EndGlobalSection
	GlobalSection(ExtensibilityGlobals) = postSolution
		SolutionGuid = {74916197-6CE4-43E5-B4E5-A7BB8A5A69EE}
	EndGlobalSection
EndGlobal
